<?xml version="1.0" encoding="utf-8"?>
<Project ToolsVersion="4.0" xmlns="http://schemas.microsoft.com/developer/msbuild/2003">
  <ItemGroup>
    <Filter Include="Source Files">
      <UniqueIdentifier>{4FC737F1-C7A5-4376-A066-2A32D752A2FF}</UniqueIdentifier>
      <Extensions>cpp;c;cc;cxx;def;odl;idl;hpj;bat;asm;asmx</Extensions>
    </Filter>
    <Filter Include="Header Files">
      <UniqueIdentifier>{93995380-89BD-4b04-88EB-625FBE52EBFB}</UniqueIdentifier>
      <Extensions>h;hpp;hxx;hm;inl;inc;xsd</Extensions>
    </Filter>
    <Filter Include="Header Files\Core">
      <UniqueIdentifier>{a6a27f4a-f585-4789-a692-dd4a07793835}</UniqueIdentifier>
    </Filter>
    <Filter Include="Header Files\Game">
      <UniqueIdentifier>{ca502911-b859-4084-a0e6-0ec319c4304b}</UniqueIdentifier>
    </Filter>
    <Filter Include="Header Files\Manager">
      <UniqueIdentifier>{e60f0f3e-ed11-49a1-a195-243d0a2a98f5}</UniqueIdentifier>
    </Filter>
    <Filter Include="Source Files\Core">
      <UniqueIdentifier>{2e2cd446-165b-4822-a48f-c06568fd81f4}</UniqueIdentifier>
    </Filter>
    <Filter Include="Source Files\Game">
      <UniqueIdentifier>{eaa1a77f-832c-4ef0-8f89-21a8e0fe6322}</UniqueIdentifier>
    </Filter>
    <Filter Include="Source Files\Manager">
      <UniqueIdentifier>{bfcd4aeb-94d5-4df6-a47f-73199044e315}</UniqueIdentifier>
    </Filter>
  </ItemGroup>
  <ItemGroup>
    <ClCompile Include="Manager\GameManager.cpp">
      <Filter>Source Files\Manager</Filter>
    </ClCompile>
    <ClCompile Include="Manager\ConnectionManager.cpp">
      <Filter>Source Files\Manager</Filter>
    </ClCompile>
    <ClCompile Include="Core\Core.cpp">
      <Filter>Source Files\Core</Filter>
    </ClCompile>
    <ClCompile Include="Core\Logger.cpp">
      <Filter>Source Files\Core</Filter>
    </ClCompile>
    <ClCompile Include="Game\Character.cpp">
      <Filter>Source Files\Game</Filter>
    </ClCompile>
    <ClCompile Include="Game\Connection.cpp">
      <Filter>Source Files\Game</Filter>
    </ClCompile>
    <ClCompile Include="Game\Field.cpp">
      <Filter>Source Files\Game</Filter>
    </ClCompile>
    <ClCompile Include="Game\Person.cpp">
      <Filter>Source Files\Game</Filter>
    </ClCompile>
    <ClCompile Include="Game\Unit.cpp">
      <Filter>Source Files\Game</Filter>
    </ClCompile>
    <ClCompile Include="Manager\DatabaseManager.cpp">
      <Filter>Source Files\Manager</Filter>
    </ClCompile>
    <ClCompile Include="Core\Server.cpp">
      <Filter>Source Files\Core</Filter>
    </ClCompile>
    <ClCompile Include="Game\Field_Generated.cpp">
      <Filter>Source Files\Game</Filter>
    </ClCompile>
    <ClCompile Include="Game\Field_Loaded.cpp">
      <Filter>Source Files\Game</Filter>
    </ClCompile>
    <ClCompile Include="Game\World.cpp">
      <Filter>Source Files\Game</Filter>
    </ClCompile>
    <ClCompile Include="Game\Group.cpp">
      <Filter>Source Files\Game</Filter>
    </ClCompile>
    <ClCompile Include="Core\Generator.cpp">
      <Filter>Source Files\Core</Filter>
    </ClCompile>
    <ClCompile Include="Game\Connection_HandleMessage.cpp">
      <Filter>Source Files\Game</Filter>
    </ClCompile>
    <ClCompile Include="Game\Region.cpp">
      <Filter>Source Files\Game</Filter>
    </ClCompile>
    <ClCompile Include="Game\Field_Boundary.cpp">
      <Filter>Source Files\Game</Filter>
    </ClCompile>
  </ItemGroup>
  <ItemGroup>
    <ClInclude Include="Core\Logger.h">
      <Filter>Header Files\Core</Filter>
    </ClInclude>
    <ClInclude Include="Core\Macro.h">
      <Filter>Header Files\Core</Filter>
    </ClInclude>
    <ClInclude Include="Game\Character.h">
      <Filter>Header Files\Game</Filter>
    </ClInclude>
    <ClInclude Include="Game\Connection.h">
      <Filter>Header Files\Game</Filter>
    </ClInclude>
    <ClInclude Include="Game\Field.h">
      <Filter>Header Files\Game</Filter>
    </ClInclude>
    <ClInclude Include="Game\Person.h">
      <Filter>Header Files\Game</Filter>
    </ClInclude>
    <ClInclude Include="Game\Unit.h">
      <Filter>Header Files\Game</Filter>
    </ClInclude>
    <ClInclude Include="Manager\ConnectionManager.h">
      <Filter>Header Files\Manager</Filter>
    </ClInclude>
    <ClInclude Include="Manager\GameManager.h">
      <Filter>Header Files\Manager</Filter>
    </ClInclude>
    <ClInclude Include="Manager\DatabaseManager.h">
      <Filter>Header Files\Manager</Filter>
    </ClInclude>
    <ClInclude Include="Core\Message.hpp">
      <Filter>Header Files\Core</Filter>
    </ClInclude>
    <ClInclude Include="Core\Server.h">
      <Filter>Header Files\Core</Filter>
    </ClInclude>
    <ClInclude Include="Game\Field_Generated.h">
      <Filter>Header Files\Game</Filter>
    </ClInclude>
    <ClInclude Include="Game\Field_Loaded.h">
      <Filter>Header Files\Game</Filter>
    </ClInclude>
    <ClInclude Include="Game\World.h">
      <Filter>Header Files\Game</Filter>
    </ClInclude>
    <ClInclude Include="Core\ListLockable.hpp">
      <Filter>Header Files\Core</Filter>
    </ClInclude>
    <ClInclude Include="Game\Group.h">
      <Filter>Header Files\Game</Filter>
    </ClInclude>
    <ClInclude Include="Core\ListProcessable.hpp">
      <Filter>Header Files\Core</Filter>
    </ClInclude>
    <ClInclude Include="Core\Generator.h">
      <Filter>Header Files\Core</Filter>
    </ClInclude>
    <ClInclude Include="Game\Region.h">
      <Filter>Header Files\Game</Filter>
    </ClInclude>
    <ClInclude Include="Game\Field_Boundary.h">
      <Filter>Header Files\Game</Filter>
    </ClInclude>
  </ItemGroup>
</Project>